
Microsoft Visual Studio Solution File, Format Version 12.00
Project("{FAE04EC0-301F-11D3-BF4B-00C04F79EFBC}") = "ProtoRegister", "ProtoRegister\ProtoRegister.csproj", "{664344A0-1A7C-4869-A437-99CCF7505B2D}"
EndProject
Global
	GlobalSection(SolutionConfigurationPlatforms) = preSolution
		Debug|Any CPU = Debug|Any CPU
		Release|Any CPU = Release|Any CPU
	EndGlobalSection
	GlobalSection(ProjectConfigurationPlatforms) = postSolution
		{664344A0-1A7C-4869-A437-99CCF7505B2D}.Debug|Any CPU.ActiveCfg = Debug|Any CPU
		{664344A0-1A7C-4869-A437-99CCF7505B2D}.Debug|Any CPU.Build.0 = Debug|Any CPU
		{664344A0-1A7C-4869-A437-99CCF7505B2D}.Release|Any CPU.ActiveCfg = Release|Any CPU
		{664344A0-1A7C-4869-A437-99CCF7505B2D}.Release|Any CPU.Build.0 = Release|Any CPU
	EndGlobalSection
EndGlobal
